
Microsoft Visual Studio Solution File, Format Version 12.00
# Visual Studio Version 17
VisualStudioVersion = 17.5.33516.290
MinimumVisualStudioVersion = 10.0.40219.1
Project("{FAE04EC0-301F-11D3-BF4B-00C04F79EFBC}") = "TradingBot.Domain", "TradingBot.Domain\TradingBot.Domain.csproj", "{8C4E7380-6D43-456F-B52C-7C58C6B23491}"
EndProject
Project("{FAE04EC0-301F-11D3-BF4B-00C04F79EFBC}") = "TradingBot.Application", "TradingBot.Application\TradingBot.Application.csproj", "{2517E74B-604F-4972-81BA-85EB23879EC0}"
EndProject
Project("{FAE04EC0-301F-11D3-BF4B-00C04F79EFBC}") = "TradingBot.Client", "TradingBot.Client\TradingBot.Client.csproj", "{9D8CCD97-4FD2-4B35-806B-7A421C42808E}"
EndProject
Project("{2150E333-8FDC-42A3-9474-1A3956D46DE8}") = "Core", "Core", "{BB5894BA-CEFA-461C-B3D8-1A283C8277BE}"
EndProject
Project("{2150E333-8FDC-42A3-9474-1A3956D46DE8}") = "Presentation", "Presentation", "{3B62F75C-08FC-4A3E-B036-5FC06012AA22}"
EndProject
Global
	GlobalSection(SolutionConfigurationPlatforms) = preSolution
		Debug|Any CPU = Debug|Any CPU
		Release|Any CPU = Release|Any CPU
	EndGlobalSection
	GlobalSection(ProjectConfigurationPlatforms) = postSolution
		{8C4E7380-6D43-456F-B52C-7C58C6B23491}.Debug|Any CPU.ActiveCfg = Debug|Any CPU
		{8C4E7380-6D43-456F-B52C-7C58C6B23491}.Debug|Any CPU.Build.0 = Debug|Any CPU
		{8C4E7380-6D43-456F-B52C-7C58C6B23491}.Release|Any CPU.ActiveCfg = Release|Any CPU
		{8C4E7380-6D43-456F-B52C-7C58C6B23491}.Release|Any CPU.Build.0 = Release|Any CPU
		{2517E74B-604F-4972-81BA-85EB23879EC0}.Debug|Any CPU.ActiveCfg = Debug|Any CPU
		{2517E74B-604F-4972-81BA-85EB23879EC0}.Debug|Any CPU.Build.0 = Debug|Any CPU
		{2517E74B-604F-4972-81BA-85EB23879EC0}.Release|Any CPU.ActiveCfg = Release|Any CPU
		{2517E74B-604F-4972-81BA-85EB23879EC0}.Release|Any CPU.Build.0 = Release|Any CPU
		{9D8CCD97-4FD2-4B35-806B-7A421C42808E}.Debug|Any CPU.ActiveCfg = Debug|Any CPU
		{9D8CCD97-4FD2-4B35-806B-7A421C42808E}.Debug|Any CPU.Build.0 = Debug|Any CPU
		{9D8CCD97-4FD2-4B35-806B-7A421C42808E}.Release|Any CPU.ActiveCfg = Release|Any CPU
		{9D8CCD97-4FD2-4B35-806B-7A421C42808E}.Release|Any CPU.Build.0 = Release|Any CPU
	EndGlobalSection
	GlobalSection(SolutionProperties) = preSolution
		HideSolutionNode = FALSE
	EndGlobalSection
	GlobalSection(NestedProjects) = preSolution
		{8C4E7380-6D43-456F-B52C-7C58C6B23491} = {BB5894BA-CEFA-461C-B3D8-1A283C8277BE}
		{2517E74B-604F-4972-81BA-85EB23879EC0} = {BB5894BA-CEFA-461C-B3D8-1A283C8277BE}
		{9D8CCD97-4FD2-4B35-806B-7A421C42808E} = {3B62F75C-08FC-4A3E-B036-5FC06012AA22}
	EndGlobalSection
	GlobalSection(ExtensibilityGlobals) = postSolution
		SolutionGuid = {080AF72A-473A-4C81-BD53-7E38D409A0CC}
	EndGlobalSection
EndGlobal
